
Microsoft Visual Studio Solution File, Format Version 12.00
# Visual Studio 15
VisualStudioVersion = 15.0.26430.12
MinimumVisualStudioVersion = 10.0.40219.1
Project("{2150E333-8FDC-42A3-9474-1A3956D46DE8}") = "src", "src", "{D72D5470-381D-11E9-8F50-B3CF612C5A01}"
EndProject
Project("{FAE04EC0-301F-11D3-BF4B-00C04F79EFBC}") = "BLM.NetStandard", "src\BLM.NetStandard\BLM.NetStandard.csproj", "{7A45440F-8072-46E9-B16A-5F028C394219}"
EndProject
Project("{FAE04EC0-301F-11D3-BF4B-00C04F79EFBC}") = "BLM.NetStandard.Tests", "src\BLM.NetStandard.Tests\BLM.NetStandard.Tests.csproj", "{39661D3C-B333-4948-A022-80DAAE27B254}"
EndProject
Project("{FAE04EC0-301F-11D3-BF4B-00C04F79EFBC}") = "BLM.EntityFrameworkCore", "src\BLM.EntityFrameworkCore\BLM.EntityFrameworkCore.csproj", "{DC1649DC-F838-40B8-896E-CBE58381D446}"
EndProject
Project("{FAE04EC0-301F-11D3-BF4B-00C04F79EFBC}") = "BLM.EntityFrameworkCore.Tests", "src\BLM.EntityFrameworkCore.Tests\BLM.EntityFrameworkCore.Tests.csproj", "{AD7366EF-3AE9-4A92-8B29-DF5657DA3D2F}"
EndProject
Global
	GlobalSection(SolutionProperties) = preSolution
		HideSolutionNode = FALSE
	EndGlobalSection
	GlobalSection(ExtensibilityGlobals) = postSolution
		SolutionGuid = {0C000ACB-BA61-4592-AE00-F67B581AFA53}
	EndGlobalSection
	GlobalSection(NestedProjects) = preSolution
		{7A45440F-8072-46E9-B16A-5F028C394219} = {D72D5470-381D-11E9-8F50-B3CF612C5A01}
		{39661D3C-B333-4948-A022-80DAAE27B254} = {D72D5470-381D-11E9-8F50-B3CF612C5A01}
		{DC1649DC-F838-40B8-896E-CBE58381D446} = {D72D5470-381D-11E9-8F50-B3CF612C5A01}
		{AD7366EF-3AE9-4A92-8B29-DF5657DA3D2F} = {D72D5470-381D-11E9-8F50-B3CF612C5A01}
	EndGlobalSection
	GlobalSection(SolutionConfigurationPlatforms) = preSolution
		Debug|Any CPU = Debug|Any CPU
		Debug|x64 = Debug|x64
		Debug|x86 = Debug|x86
		Release|Any CPU = Release|Any CPU
		Release|x64 = Release|x64
		Release|x86 = Release|x86
	EndGlobalSection
	GlobalSection(ProjectConfigurationPlatforms) = postSolution
		{7A45440F-8072-46E9-B16A-5F028C394219}.Debug|Any CPU.ActiveCfg = Debug|Any CPU
		{7A45440F-8072-46E9-B16A-5F028C394219}.Debug|Any CPU.Build.0 = Debug|Any CPU
		{7A45440F-8072-46E9-B16A-5F028C394219}.Debug|x64.ActiveCfg = Debug|Any CPU
		{7A45440F-8072-46E9-B16A-5F028C394219}.Debug|x64.Build.0 = Debug|Any CPU
		{7A45440F-8072-46E9-B16A-5F028C394219}.Debug|x86.ActiveCfg = Debug|Any CPU
		{7A45440F-8072-46E9-B16A-5F028C394219}.Debug|x86.Build.0 = Debug|Any CPU
		{7A45440F-8072-46E9-B16A-5F028C394219}.Release|Any CPU.ActiveCfg = Release|Any CPU
		{7A45440F-8072-46E9-B16A-5F028C394219}.Release|Any CPU.Build.0 = Release|Any CPU
		{7A45440F-8072-46E9-B16A-5F028C394219}.Release|x64.ActiveCfg = Release|Any CPU
		{7A45440F-8072-46E9-B16A-5F028C394219}.Release|x64.Build.0 = Release|Any CPU
		{7A45440F-8072-46E9-B16A-5F028C394219}.Release|x86.ActiveCfg = Release|Any CPU
		{7A45440F-8072-46E9-B16A-5F028C394219}.Release|x86.Build.0 = Release|Any CPU
		{39661D3C-B333-4948-A022-80DAAE27B254}.Debug|Any CPU.ActiveCfg = Debug|Any CPU
		{39661D3C-B333-4948-A022-80DAAE27B254}.Debug|Any CPU.Build.0 = Debug|Any CPU
		{39661D3C-B333-4948-A022-80DAAE27B254}.Debug|x64.ActiveCfg = Debug|Any CPU
		{39661D3C-B333-4948-A022-80DAAE27B254}.Debug|x64.Build.0 = Debug|Any CPU
		{39661D3C-B333-4948-A022-80DAAE27B254}.Debug|x86.ActiveCfg = Debug|Any CPU
		{39661D3C-B333-4948-A022-80DAAE27B254}.Debug|x86.Build.0 = Debug|Any CPU
		{39661D3C-B333-4948-A022-80DAAE27B254}.Release|Any CPU.ActiveCfg = Release|Any CPU
		{39661D3C-B333-4948-A022-80DAAE27B254}.Release|Any CPU.Build.0 = Release|Any CPU
		{39661D3C-B333-4948-A022-80DAAE27B254}.Release|x64.ActiveCfg = Release|Any CPU
		{39661D3C-B333-4948-A022-80DAAE27B254}.Release|x64.Build.0 = Release|Any CPU
		{39661D3C-B333-4948-A022-80DAAE27B254}.Release|x86.ActiveCfg = Release|Any CPU
		{39661D3C-B333-4948-A022-80DAAE27B254}.Release|x86.Build.0 = Release|Any CPU
		{DC1649DC-F838-40B8-896E-CBE58381D446}.Debug|Any CPU.ActiveCfg = Debug|Any CPU
		{DC1649DC-F838-40B8-896E-CBE58381D446}.Debug|Any CPU.Build.0 = Debug|Any CPU
		{DC1649DC-F838-40B8-896E-CBE58381D446}.Debug|x64.ActiveCfg = Debug|Any CPU
		{DC1649DC-F838-40B8-896E-CBE58381D446}.Debug|x64.Build.0 = Debug|Any CPU
		{DC1649DC-F838-40B8-896E-CBE58381D446}.Debug|x86.ActiveCfg = Debug|Any CPU
		{DC1649DC-F838-40B8-896E-CBE58381D446}.Debug|x86.Build.0 = Debug|Any CPU
		{DC1649DC-F838-40B8-896E-CBE58381D446}.Release|Any CPU.ActiveCfg = Release|Any CPU
		{DC1649DC-F838-40B8-896E-CBE58381D446}.Release|Any CPU.Build.0 = Release|Any CPU
		{DC1649DC-F838-40B8-896E-CBE58381D446}.Release|x64.ActiveCfg = Release|Any CPU
		{DC1649DC-F838-40B8-896E-CBE58381D446}.Release|x64.Build.0 = Release|Any CPU
		{DC1649DC-F838-40B8-896E-CBE58381D446}.Release|x86.ActiveCfg = Release|Any CPU
		{DC1649DC-F838-40B8-896E-CBE58381D446}.Release|x86.Build.0 = Release|Any CPU
		{AD7366EF-3AE9-4A92-8B29-DF5657DA3D2F}.Debug|Any CPU.ActiveCfg = Debug|Any CPU
		{AD7366EF-3AE9-4A92-8B29-DF5657DA3D2F}.Debug|Any CPU.Build.0 = Debug|Any CPU
		{AD7366EF-3AE9-4A92-8B29-DF5657DA3D2F}.Debug|x64.ActiveCfg = Debug|Any CPU
		{AD7366EF-3AE9-4A92-8B29-DF5657DA3D2F}.Debug|x64.Build.0 = Debug|Any CPU
		{AD7366EF-3AE9-4A92-8B29-DF5657DA3D2F}.Debug|x86.ActiveCfg = Debug|Any CPU
		{AD7366EF-3AE9-4A92-8B29-DF5657DA3D2F}.Debug|x86.Build.0 = Debug|Any CPU
		{AD7366EF-3AE9-4A92-8B29-DF5657DA3D2F}.Release|Any CPU.ActiveCfg = Release|Any CPU
		{AD7366EF-3AE9-4A92-8B29-DF5657DA3D2F}.Release|Any CPU.Build.0 = Release|Any CPU
		{AD7366EF-3AE9-4A92-8B29-DF5657DA3D2F}.Release|x64.ActiveCfg = Release|Any CPU
		{AD7366EF-3AE9-4A92-8B29-DF5657DA3D2F}.Release|x64.Build.0 = Release|Any CPU
		{AD7366EF-3AE9-4A92-8B29-DF5657DA3D2F}.Release|x86.ActiveCfg = Release|Any CPU
		{AD7366EF-3AE9-4A92-8B29-DF5657DA3D2F}.Release|x86.Build.0 = Release|Any CPU
	EndGlobalSection
EndGlobal
