
Microsoft Visual Studio Solution File, Format Version 12.00
# Visual Studio Version 16
VisualStudioVersion = 16.0.28606.126
MinimumVisualStudioVersion = 10.0.40219.1
Project("{2150E333-8FDC-42A3-9474-1A3956D46DE8}") = "src", "src", "{D72D5470-381D-11E9-8F50-B3CF612C5A01}"
EndProject
Project("{2150E333-8FDC-42A3-9474-1A3956D46DE8}") = "tests", "tests", "{C59D8C07-C4FB-468E-B177-99DC623B30E2}"
EndProject
Project("{9A19103F-16F7-4668-BE54-9A1E7A4F7556}") = "FuryTechs.BLM.NetStandard", "src\NetStandard\FuryTechs.BLM.NetStandard.csproj", "{52F97593-D424-44A3-887F-E909255472AD}"
EndProject
Project("{9A19103F-16F7-4668-BE54-9A1E7A4F7556}") = "FuryTechs.BLM.EntityFrameworkCore", "src\EntityFrameworkCore\FuryTechs.BLM.EntityFrameworkCore.csproj", "{9EB2C8AA-CE8F-4CA5-B15E-1CC25B07A21A}"
EndProject
Project("{9A19103F-16F7-4668-BE54-9A1E7A4F7556}") = "FuryTechs.BLM.NetStandard.Tests", "tests\NetStandard.Tests\FuryTechs.BLM.NetStandard.Tests.csproj", "{37EE4D34-DB7A-4353-954F-25F88096A935}"
EndProject
Project("{9A19103F-16F7-4668-BE54-9A1E7A4F7556}") = "FuryTechs.BLM.EntityFrameworkCore.Tests", "tests\EntityFrameworkCore.Tests\FuryTechs.BLM.EntityFrameworkCore.Tests.csproj", "{275EF681-D5E4-45CA-876A-E08CF206610D}"
EndProject
Global
	GlobalSection(SolutionConfigurationPlatforms) = preSolution
		Debug|Any CPU = Debug|Any CPU
		Release|Any CPU = Release|Any CPU
	EndGlobalSection
	GlobalSection(ProjectConfigurationPlatforms) = postSolution
		{52F97593-D424-44A3-887F-E909255472AD}.Debug|Any CPU.ActiveCfg = Debug|Any CPU
		{52F97593-D424-44A3-887F-E909255472AD}.Debug|Any CPU.Build.0 = Debug|Any CPU
		{52F97593-D424-44A3-887F-E909255472AD}.Release|Any CPU.ActiveCfg = Release|Any CPU
		{52F97593-D424-44A3-887F-E909255472AD}.Release|Any CPU.Build.0 = Release|Any CPU
		{9EB2C8AA-CE8F-4CA5-B15E-1CC25B07A21A}.Debug|Any CPU.ActiveCfg = Debug|Any CPU
		{9EB2C8AA-CE8F-4CA5-B15E-1CC25B07A21A}.Debug|Any CPU.Build.0 = Debug|Any CPU
		{9EB2C8AA-CE8F-4CA5-B15E-1CC25B07A21A}.Release|Any CPU.ActiveCfg = Release|Any CPU
		{9EB2C8AA-CE8F-4CA5-B15E-1CC25B07A21A}.Release|Any CPU.Build.0 = Release|Any CPU
		{37EE4D34-DB7A-4353-954F-25F88096A935}.Debug|Any CPU.ActiveCfg = Debug|Any CPU
		{37EE4D34-DB7A-4353-954F-25F88096A935}.Debug|Any CPU.Build.0 = Debug|Any CPU
		{37EE4D34-DB7A-4353-954F-25F88096A935}.Release|Any CPU.ActiveCfg = Release|Any CPU
		{37EE4D34-DB7A-4353-954F-25F88096A935}.Release|Any CPU.Build.0 = Release|Any CPU
		{275EF681-D5E4-45CA-876A-E08CF206610D}.Debug|Any CPU.ActiveCfg = Debug|Any CPU
		{275EF681-D5E4-45CA-876A-E08CF206610D}.Debug|Any CPU.Build.0 = Debug|Any CPU
		{275EF681-D5E4-45CA-876A-E08CF206610D}.Release|Any CPU.ActiveCfg = Release|Any CPU
		{275EF681-D5E4-45CA-876A-E08CF206610D}.Release|Any CPU.Build.0 = Release|Any CPU
	EndGlobalSection
	GlobalSection(SolutionProperties) = preSolution
		HideSolutionNode = FALSE
	EndGlobalSection
	GlobalSection(NestedProjects) = preSolution
		{52F97593-D424-44A3-887F-E909255472AD} = {D72D5470-381D-11E9-8F50-B3CF612C5A01}
		{9EB2C8AA-CE8F-4CA5-B15E-1CC25B07A21A} = {D72D5470-381D-11E9-8F50-B3CF612C5A01}
		{37EE4D34-DB7A-4353-954F-25F88096A935} = {C59D8C07-C4FB-468E-B177-99DC623B30E2}
		{275EF681-D5E4-45CA-876A-E08CF206610D} = {C59D8C07-C4FB-468E-B177-99DC623B30E2}
	EndGlobalSection
	GlobalSection(ExtensibilityGlobals) = postSolution
		SolutionGuid = {0C000ACB-BA61-4592-AE00-F67B581AFA53}
	EndGlobalSection
EndGlobal
