
Microsoft Visual Studio Solution File, Format Version 12.00
# Visual Studio Version 16
VisualStudioVersion = 16.0.28606.126
MinimumVisualStudioVersion = 10.0.40219.1
Project("{2150E333-8FDC-42A3-9474-1A3956D46DE8}") = "src", "src", "{D72D5470-381D-11E9-8F50-B3CF612C5A01}"
EndProject
Project("{2150E333-8FDC-42A3-9474-1A3956D46DE8}") = "NetStandard", "NetStandard", "{DA41E95E-303B-4C8D-B625-6EDE38596EEB}"
EndProject
Project("{2150E333-8FDC-42A3-9474-1A3956D46DE8}") = "EntityFrameworkCore", "EntityFrameworkCore", "{6754A6D4-E1C8-4D04-BB9A-764BD9E3E2FC}"
EndProject
Project("{9A19103F-16F7-4668-BE54-9A1E7A4F7556}") = "FuryTechs.BLM.NetStandard", "src\BLM\NetStandard\FuryTechs.BLM.NetStandard.csproj", "{049CE5ED-13E7-4D9B-B06F-F0291F2F951B}"
EndProject
Project("{9A19103F-16F7-4668-BE54-9A1E7A4F7556}") = "FuryTechs.BLM.NetStandard.Tests", "src\BLM\NetStandard.Tests\FuryTechs.BLM.NetStandard.Tests.csproj", "{52B4F65C-8C26-4875-9ADC-8D79FBFF50E4}"
EndProject
Project("{9A19103F-16F7-4668-BE54-9A1E7A4F7556}") = "FuryTechs.BLM.EntityFrameworkCore", "src\EntityFrameworkCore\FuryTechs.BLM.EntityFrameworkCore\FuryTechs.BLM.EntityFrameworkCore.csproj", "{88394A5D-0272-443F-907C-CDAF1EFB31AD}"
EndProject
Project("{9A19103F-16F7-4668-BE54-9A1E7A4F7556}") = "FuryTechs.BLM.EntityFrameworkCore.Tests", "src\EntityFrameworkCore\FuryTechs.BLM.EntityFrameworkCore.Tests\FuryTechs.BLM.EntityFrameworkCore.Tests.csproj", "{FC4F76A5-04DB-4886-BDC8-D07127F21499}"
EndProject
Global
	GlobalSection(SolutionConfigurationPlatforms) = preSolution
		Debug|Any CPU = Debug|Any CPU
		Release|Any CPU = Release|Any CPU
	EndGlobalSection
	GlobalSection(ProjectConfigurationPlatforms) = postSolution
		{049CE5ED-13E7-4D9B-B06F-F0291F2F951B}.Debug|Any CPU.ActiveCfg = Debug|Any CPU
		{049CE5ED-13E7-4D9B-B06F-F0291F2F951B}.Debug|Any CPU.Build.0 = Debug|Any CPU
		{049CE5ED-13E7-4D9B-B06F-F0291F2F951B}.Release|Any CPU.ActiveCfg = Release|Any CPU
		{049CE5ED-13E7-4D9B-B06F-F0291F2F951B}.Release|Any CPU.Build.0 = Release|Any CPU
		{52B4F65C-8C26-4875-9ADC-8D79FBFF50E4}.Debug|Any CPU.ActiveCfg = Debug|Any CPU
		{52B4F65C-8C26-4875-9ADC-8D79FBFF50E4}.Debug|Any CPU.Build.0 = Debug|Any CPU
		{52B4F65C-8C26-4875-9ADC-8D79FBFF50E4}.Release|Any CPU.ActiveCfg = Release|Any CPU
		{52B4F65C-8C26-4875-9ADC-8D79FBFF50E4}.Release|Any CPU.Build.0 = Release|Any CPU
		{88394A5D-0272-443F-907C-CDAF1EFB31AD}.Debug|Any CPU.ActiveCfg = Debug|Any CPU
		{88394A5D-0272-443F-907C-CDAF1EFB31AD}.Debug|Any CPU.Build.0 = Debug|Any CPU
		{88394A5D-0272-443F-907C-CDAF1EFB31AD}.Release|Any CPU.ActiveCfg = Release|Any CPU
		{88394A5D-0272-443F-907C-CDAF1EFB31AD}.Release|Any CPU.Build.0 = Release|Any CPU
		{FC4F76A5-04DB-4886-BDC8-D07127F21499}.Debug|Any CPU.ActiveCfg = Debug|Any CPU
		{FC4F76A5-04DB-4886-BDC8-D07127F21499}.Debug|Any CPU.Build.0 = Debug|Any CPU
		{FC4F76A5-04DB-4886-BDC8-D07127F21499}.Release|Any CPU.ActiveCfg = Release|Any CPU
		{FC4F76A5-04DB-4886-BDC8-D07127F21499}.Release|Any CPU.Build.0 = Release|Any CPU
	EndGlobalSection
	GlobalSection(SolutionProperties) = preSolution
		HideSolutionNode = FALSE
	EndGlobalSection
	GlobalSection(NestedProjects) = preSolution
		{DA41E95E-303B-4C8D-B625-6EDE38596EEB} = {D72D5470-381D-11E9-8F50-B3CF612C5A01}
		{6754A6D4-E1C8-4D04-BB9A-764BD9E3E2FC} = {D72D5470-381D-11E9-8F50-B3CF612C5A01}
		{049CE5ED-13E7-4D9B-B06F-F0291F2F951B} = {DA41E95E-303B-4C8D-B625-6EDE38596EEB}
		{52B4F65C-8C26-4875-9ADC-8D79FBFF50E4} = {DA41E95E-303B-4C8D-B625-6EDE38596EEB}
		{88394A5D-0272-443F-907C-CDAF1EFB31AD} = {6754A6D4-E1C8-4D04-BB9A-764BD9E3E2FC}
		{FC4F76A5-04DB-4886-BDC8-D07127F21499} = {6754A6D4-E1C8-4D04-BB9A-764BD9E3E2FC}
	EndGlobalSection
	GlobalSection(ExtensibilityGlobals) = postSolution
		SolutionGuid = {0C000ACB-BA61-4592-AE00-F67B581AFA53}
	EndGlobalSection
EndGlobal
